
Microsoft Visual Studio Solution File, Format Version 12.00
# Visual Studio Version 17
VisualStudioVersion = 17.5.33516.290
MinimumVisualStudioVersion = 10.0.40219.1
Project("{FAE04EC0-301F-11D3-BF4B-00C04F79EFBC}") = "YT.IIGen", "YT.IIGen\YT.IIGen.csproj", "{0581660E-58EB-4C97-981C-51AB7553080F}"
EndProject
Global
	GlobalSection(SolutionConfigurationPlatforms) = preSolution
		Debug|Any CPU = Debug|Any CPU
		Release|Any CPU = Release|Any CPU
	EndGlobalSection
	GlobalSection(ProjectConfigurationPlatforms) = postSolution
		{0581660E-58EB-4C97-981C-51AB7553080F}.Debug|Any CPU.ActiveCfg = Debug|Any CPU
		{0581660E-58EB-4C97-981C-51AB7553080F}.Debug|Any CPU.Build.0 = Debug|Any CPU
		{0581660E-58EB-4C97-981C-51AB7553080F}.Release|Any CPU.ActiveCfg = Release|Any CPU
		{0581660E-58EB-4C97-981C-51AB7553080F}.Release|Any CPU.Build.0 = Release|Any CPU
	EndGlobalSection
	GlobalSection(SolutionProperties) = preSolution
		HideSolutionNode = FALSE
	EndGlobalSection
	GlobalSection(ExtensibilityGlobals) = postSolution
		SolutionGuid = {AE3904BA-B9E2-47A9-B0BD-F5031C8CBD80}
	EndGlobalSection
EndGlobal
